
Microsoft Visual Studio Solution File, Format Version 12.00
# Visual Studio 15
VisualStudioVersion = 15.0.27130.2036
MinimumVisualStudioVersion = 10.0.40219.1
Project("{FAE04EC0-301F-11D3-BF4B-00C04F79EFBC}") = "PhotoAlbum", "PhotoAlbum\PhotoAlbum.csproj", "{C6CCA9C2-05E5-4A14-AED1-DDB3B1F93541}"
EndProject
Project("{FAE04EC0-301F-11D3-BF4B-00C04F79EFBC}") = "ImageComments", "ImageComments\ImageComments.csproj", "{0D9E3561-4834-432B-8F13-39DE2AFB443E}"
EndProject
Global
	GlobalSection(SolutionConfigurationPlatforms) = preSolution
		Debug|Any CPU = Debug|Any CPU
		Release|Any CPU = Release|Any CPU
	EndGlobalSection
	GlobalSection(ProjectConfigurationPlatforms) = postSolution
		{C6CCA9C2-05E5-4A14-AED1-DDB3B1F93541}.Debug|Any CPU.ActiveCfg = Debug|Any CPU
		{C6CCA9C2-05E5-4A14-AED1-DDB3B1F93541}.Debug|Any CPU.Build.0 = Debug|Any CPU
		{C6CCA9C2-05E5-4A14-AED1-DDB3B1F93541}.Release|Any CPU.ActiveCfg = Release|Any CPU
		{C6CCA9C2-05E5-4A14-AED1-DDB3B1F93541}.Release|Any CPU.Build.0 = Release|Any CPU
		{0D9E3561-4834-432B-8F13-39DE2AFB443E}.Debug|Any CPU.ActiveCfg = Debug|Any CPU
		{0D9E3561-4834-432B-8F13-39DE2AFB443E}.Debug|Any CPU.Build.0 = Debug|Any CPU
		{0D9E3561-4834-432B-8F13-39DE2AFB443E}.Release|Any CPU.ActiveCfg = Release|Any CPU
		{0D9E3561-4834-432B-8F13-39DE2AFB443E}.Release|Any CPU.Build.0 = Release|Any CPU
	EndGlobalSection
	GlobalSection(SolutionProperties) = preSolution
		HideSolutionNode = FALSE
	EndGlobalSection
	GlobalSection(ExtensibilityGlobals) = postSolution
		SolutionGuid = {FBFC14D6-BE0C-417F-9F6F-D2AC6BE94AF8}
	EndGlobalSection
	GlobalSection(TeamFoundationVersionControl) = preSolution
		SccNumberOfProjects = 3
		SccEnterpriseProvider = {4CA58AB2-18FA-4F8D-95D4-32DDF27D184C}
		SccTeamFoundationServer = https://snitzforums.visualstudio.com/
		SccLocalPath0 = .
		SccProjectUniqueName1 = PhotoAlbum\\PhotoAlbum.csproj
		SccProjectName1 = PhotoAlbum
		SccLocalPath1 = PhotoAlbum
		SccProjectUniqueName2 = ImageComments\\ImageComments.csproj
		SccProjectName2 = ImageComments
		SccLocalPath2 = ImageComments
	EndGlobalSection
EndGlobal
